{
  "version": 4,
  "terraform_version": "1.2.6",
  "serial": 3,
  "lineage": "164d3d2e-4dae-ecac-b7c6-4f8450561d51",
  "outputs": {
    "droplet_limit": {
      "value": 25,
      "type": "number"
    }
  },
  "resources": [
    {
      "mode": "data",
      "type": "digitalocean_account",
      "name": "do_account",
      "provider": "provider[\"registry.terraform.io/digitalocean/digitalocean\"]",
      "instances": [
        {
          "schema_version": 0,
          "attributes": {
            "droplet_limit": 25,
            "email": "rcoe@miosys.org",
            "email_verified": true,
            "floating_ip_limit": 3,
            "id": "d75cdee750e57cca0150c4b394b56ec10df876a0",
            "status": "active",
            "status_message": "",
            "uuid": "d75cdee750e57cca0150c4b394b56ec10df876a0"
          },
          "sensitive_attributes": []
        }
      ]
    },
    {
      "mode": "data",
      "type": "digitalocean_ssh_key",
      "name": "mykey",
      "provider": "provider[\"registry.terraform.io/digitalocean/digitalocean\"]",
      "instances": [
        {
          "schema_version": 0,
          "attributes": {
            "fingerprint": "af:7d:0d:54:94:f1:b0:87:db:92:32:a0:2b:d1:d1:e2",
            "id": 24385694,
            "name": "MB-ProRCJ",
            "public_key": "ssh-rsa AAAAB3NzaC1yc2EAAAADAQABAAACAQDNamzwBTYXDoGYbtt+nXYedYuL8f4+JYn426t9fzwa9Iq0ESaK8lnQIMF+es8DrDKOq8aowJDZ6eJNyHwhTslTS30R231ikcQ5MpsE6NnIzvu+sQG4phS/kx25+aYD7TJd2ZybHF8NcQ7vY6c+9/1wntS5WQTeQVsfBTptC87P+yXTr84fVpengT+UVp0vsLTcmCvTw49EGmLbhr6wIdYpB68Hbbu82pX7gWjLb3Tb2UbmQWTFCuajewrCPLrxWRtob7FN+p2zOxHZ+8whKDlr7Eq/shc2IYcWHnH/gWXJzZLBPuzOHctsezTBshvePUFebr0z5N8nPexwin+X0SzOWbNy644Da8YYpQwf15J2PkQrzHseeUVr2IclJBGh1PpjnY0wYW7RWTKE+11wGKNMh7fqjMvgL/BPwIIJD0U+szUlhcjEH3pqdIFXZdjqlIPVX77d2HMPx2SC/utRV5zyGRjRV0nmSg9cPEwB/D5U4Da68Dw5kEJBGG6vvI3LJDLM/fisk4XFr7kKAQCMEiQeC4CRTZ5mj0NCXYviJzc6Eu21hCjp6joaK7VSr3uUa+k0BNcLn2fadoKuF13b9J6M85IL8Md0ZUIjPBEvMkMp2ejtKGMkf3zoc0vy92bOoWCQM1gEjKus61jAXccm3BpQpk6N3AqqWbOQX2HnQ42rjQ== ron@RonaldCoeJrsMBP.coegroupllc.com"
          },
          "sensitive_attributes": []
        }
      ]
    },
    {
      "mode": "managed",
      "type": "digitalocean_droplet",
      "name": "web",
      "provider": "provider[\"registry.terraform.io/digitalocean/digitalocean\"]",
      "instances": [
        {
          "schema_version": 1,
          "attributes": {
            "backups": false,
            "created_at": "2022-08-08T00:49:48Z",
            "disk": 25,
            "droplet_agent": null,
            "graceful_shutdown": false,
            "id": "311685744",
            "image": "ubuntu-18-04-x64",
            "ipv4_address": "159.203.87.252",
            "ipv4_address_private": "10.108.0.3",
            "ipv6": false,
            "ipv6_address": "",
            "locked": false,
            "memory": 1024,
            "monitoring": false,
            "name": "web-1",
            "price_hourly": 0.00893,
            "price_monthly": 6,
            "private_networking": true,
            "region": "nyc3",
            "resize_disk": true,
            "size": "s-1vcpu-1gb",
            "ssh_keys": [
              "24385694"
            ],
            "status": "active",
            "tags": null,
            "urn": "do:droplet:311685744",
            "user_data": null,
            "vcpus": 1,
            "volume_ids": [],
            "vpc_uuid": "a85ff8c8-c9a7-4660-a857-a35db8358a62"
          },
          "sensitive_attributes": [],
          "private": "eyJzY2hlbWFfdmVyc2lvbiI6IjEifQ==",
          "dependencies": [
            "data.digitalocean_ssh_key.mykey"
          ]
        }
      ]
    }
  ]
}
